
Microsoft Visual Studio Solution File, Format Version 12.00
# Visual Studio Version 17
VisualStudioVersion = 17.2.32616.157
MinimumVisualStudioVersion = 10.0.40219.1
Project("{FAE04EC0-301F-11D3-BF4B-00C04F79EFBC}") = "LibraryAPI", "LibraryAPI\LibraryAPI.csproj", "{A7393480-38E1-47E3-A464-D83284762109}"
EndProject
Global
	GlobalSection(SolutionConfigurationPlatforms) = preSolution
		Debug|Any CPU = Debug|Any CPU
		Release|Any CPU = Release|Any CPU
	EndGlobalSection
	GlobalSection(ProjectConfigurationPlatforms) = postSolution
		{A7393480-38E1-47E3-A464-D83284762109}.Debug|Any CPU.ActiveCfg = Debug|Any CPU
		{A7393480-38E1-47E3-A464-D83284762109}.Debug|Any CPU.Build.0 = Debug|Any CPU
		{A7393480-38E1-47E3-A464-D83284762109}.Release|Any CPU.ActiveCfg = Release|Any CPU
		{A7393480-38E1-47E3-A464-D83284762109}.Release|Any CPU.Build.0 = Release|Any CPU
	EndGlobalSection
	GlobalSection(SolutionProperties) = preSolution
		HideSolutionNode = FALSE
	EndGlobalSection
	GlobalSection(ExtensibilityGlobals) = postSolution
		SolutionGuid = {3A71FFE7-9D37-46DF-88E6-084452CB9CAA}
	EndGlobalSection
EndGlobal
